
Microsoft Visual Studio Solution File, Format Version 12.00
# Visual Studio 15
VisualStudioVersion = 15.0.28307.438
MinimumVisualStudioVersion = 10.0.40219.1
Project("{FAE04EC0-301F-11D3-BF4B-00C04F79EFBC}") = "Lojas Americanas", "Lojas Americanas\Lojas Americanas.csproj", "{5AA5FBC7-ACEF-47D3-899D-F1A7F07CA5D2}"
EndProject
Global
	GlobalSection(SolutionConfigurationPlatforms) = preSolution
		Debug|Any CPU = Debug|Any CPU
		Release|Any CPU = Release|Any CPU
	EndGlobalSection
	GlobalSection(ProjectConfigurationPlatforms) = postSolution
		{5AA5FBC7-ACEF-47D3-899D-F1A7F07CA5D2}.Debug|Any CPU.ActiveCfg = Debug|Any CPU
		{5AA5FBC7-ACEF-47D3-899D-F1A7F07CA5D2}.Debug|Any CPU.Build.0 = Debug|Any CPU
		{5AA5FBC7-ACEF-47D3-899D-F1A7F07CA5D2}.Release|Any CPU.ActiveCfg = Release|Any CPU
		{5AA5FBC7-ACEF-47D3-899D-F1A7F07CA5D2}.Release|Any CPU.Build.0 = Release|Any CPU
	EndGlobalSection
	GlobalSection(SolutionProperties) = preSolution
		HideSolutionNode = FALSE
	EndGlobalSection
	GlobalSection(ExtensibilityGlobals) = postSolution
		SolutionGuid = {A964DF3A-372B-495A-BC6B-0FF333B95F0D}
	EndGlobalSection
EndGlobal
